
Microsoft Visual Studio Solution File, Format Version 12.00
# Visual Studio Version 17
VisualStudioVersion = 17.6.33815.320
MinimumVisualStudioVersion = 10.0.40219.1
Project("{9A19103F-16F7-4668-BE54-9A1E7A4F7556}") = "CGF Comparer", "CGF Comparer\CGF Comparer.csproj", "{AB1ABE60-DB62-4CD3-99B5-5AFD53DBAA08}"
EndProject
Project("{9A19103F-16F7-4668-BE54-9A1E7A4F7556}") = "CgfComparerAPI", "CgfComparerAPI\CgfComparerAPI.csproj", "{CD34DEDC-8D50-463B-BE4F-B423A4886DEF}"
EndProject
Project("{9A19103F-16F7-4668-BE54-9A1E7A4F7556}") = "UI", "..\UI\BlazorApp1\UI.csproj", "{60CADBC5-B8F0-4872-A2D8-DA37CC761D28}"
EndProject
Project("{FAE04EC0-301F-11D3-BF4B-00C04F79EFBC}") = "ComparerLibrary", "ComparerLibrary\ComparerLibrary.csproj", "{723A48F1-06DC-4B68-88AF-0A7E528B937B}"
EndProject
Global
	GlobalSection(SolutionConfigurationPlatforms) = preSolution
		Debug|Any CPU = Debug|Any CPU
		Release|Any CPU = Release|Any CPU
	EndGlobalSection
	GlobalSection(ProjectConfigurationPlatforms) = postSolution
		{AB1ABE60-DB62-4CD3-99B5-5AFD53DBAA08}.Debug|Any CPU.ActiveCfg = Debug|Any CPU
		{AB1ABE60-DB62-4CD3-99B5-5AFD53DBAA08}.Debug|Any CPU.Build.0 = Debug|Any CPU
		{AB1ABE60-DB62-4CD3-99B5-5AFD53DBAA08}.Release|Any CPU.ActiveCfg = Release|Any CPU
		{AB1ABE60-DB62-4CD3-99B5-5AFD53DBAA08}.Release|Any CPU.Build.0 = Release|Any CPU
		{CD34DEDC-8D50-463B-BE4F-B423A4886DEF}.Debug|Any CPU.ActiveCfg = Debug|Any CPU
		{CD34DEDC-8D50-463B-BE4F-B423A4886DEF}.Debug|Any CPU.Build.0 = Debug|Any CPU
		{CD34DEDC-8D50-463B-BE4F-B423A4886DEF}.Release|Any CPU.ActiveCfg = Release|Any CPU
		{CD34DEDC-8D50-463B-BE4F-B423A4886DEF}.Release|Any CPU.Build.0 = Release|Any CPU
		{60CADBC5-B8F0-4872-A2D8-DA37CC761D28}.Debug|Any CPU.ActiveCfg = Debug|Any CPU
		{60CADBC5-B8F0-4872-A2D8-DA37CC761D28}.Debug|Any CPU.Build.0 = Debug|Any CPU
		{60CADBC5-B8F0-4872-A2D8-DA37CC761D28}.Release|Any CPU.ActiveCfg = Release|Any CPU
		{60CADBC5-B8F0-4872-A2D8-DA37CC761D28}.Release|Any CPU.Build.0 = Release|Any CPU
		{723A48F1-06DC-4B68-88AF-0A7E528B937B}.Debug|Any CPU.ActiveCfg = Debug|Any CPU
		{723A48F1-06DC-4B68-88AF-0A7E528B937B}.Debug|Any CPU.Build.0 = Debug|Any CPU
		{723A48F1-06DC-4B68-88AF-0A7E528B937B}.Release|Any CPU.ActiveCfg = Release|Any CPU
		{723A48F1-06DC-4B68-88AF-0A7E528B937B}.Release|Any CPU.Build.0 = Release|Any CPU
	EndGlobalSection
	GlobalSection(SolutionProperties) = preSolution
		HideSolutionNode = FALSE
	EndGlobalSection
	GlobalSection(ExtensibilityGlobals) = postSolution
		SolutionGuid = {8AD0A0B9-DED0-4373-8AA5-9D43E2FB47AD}
	EndGlobalSection
EndGlobal
